// !$*UTF8*$!
{
	archiveVersion = 1;
	classes = {
	};
	objectVersion = 50;
	objects = {

/* Begin PBXBuildFile section */
		9D3E0C77251F729000CF4F23 /* AppDelegate.swift in Sources */ = {isa = PBXBuildFile; fileRef = 9D3E0C76251F729000CF4F23 /* AppDelegate.swift */; };
		9D3E0C79251F729000CF4F23 /* SceneDelegate.swift in Sources */ = {isa = PBXBuildFile; fileRef = 9D3E0C78251F729000CF4F23 /* SceneDelegate.swift */; };
		9D3E0C7B251F729000CF4F23 /* ViewController.swift in Sources */ = {isa = PBXBuildFile; fileRef = 9D3E0C7A251F729000CF4F23 /* ViewController.swift */; };
		9D3E0C7E251F729000CF4F23 /* Main.storyboard in Resources */ = {isa = PBXBuildFile; fileRef = 9D3E0C7C251F729000CF4F23 /* Main.storyboard */; };
		9D3E0C80251F729400CF4F23 /* Assets.xcassets in Resources */ = {isa = PBXBuildFile; fileRef = 9D3E0C7F251F729400CF4F23 /* Assets.xcassets */; };
		9D3E0C83251F729400CF4F23 /* LaunchScreen.storyboard in Resources */ = {isa = PBXBuildFile; fileRef = 9D3E0C81251F729400CF4F23 /* LaunchScreen.storyboard */; };
		9D3E0C91251F736A00CF4F23 /* PlaylistItems.swift in Sources */ = {isa = PBXBuildFile; fileRef = 9D3E0C90251F736A00CF4F23 /* PlaylistItems.swift */; };
		9D3E0C95251F770B00CF4F23 /* Model.swift in Sources */ = {isa = PBXBuildFile; fileRef = 9D3E0C94251F770B00CF4F23 /* Model.swift */; };
		E78CD5CF4161EA5AA860FAA4 /* Pods_YouTube_Clone.framework in Frameworks */ = {isa = PBXBuildFile; fileRef = 9DEF89AA6F4243AEB509867F /* Pods_YouTube_Clone.framework */; };
/* End PBXBuildFile section */

/* Begin PBXFileReference section */
		1F074514F589DEDFDF85ED6D /* Pods-YouTube Clone.debug.xcconfig */ = {isa = PBXFileReference; includeInIndex = 1; lastKnownFileType = text.xcconfig; name = "Pods-YouTube Clone.debug.xcconfig"; path = "Target Support Files/Pods-YouTube Clone/Pods-YouTube Clone.debug.xcconfig"; sourceTree = "<group>"; };
		5F3CE3C0E8F8EB1C95A9832B /* Pods-YouTube Clone.release.xcconfig */ = {isa = PBXFileReference; includeInIndex = 1; lastKnownFileType = text.xcconfig; name = "Pods-YouTube Clone.release.xcconfig"; path = "Target Support Files/Pods-YouTube Clone/Pods-YouTube Clone.release.xcconfig"; sourceTree = "<group>"; };
		9D3E0C73251F729000CF4F23 /* YouTube Clone.app */ = {isa = PBXFileReference; explicitFileType = wrapper.application; includeInIndex = 0; path = "YouTube Clone.app"; sourceTree = BUILT_PRODUCTS_DIR; };
		9D3E0C76251F729000CF4F23 /* AppDelegate.swift */ = {isa = PBXFileReference; lastKnownFileType = sourcecode.swift; path = AppDelegate.swift; sourceTree = "<group>"; };
		9D3E0C78251F729000CF4F23 /* SceneDelegate.swift */ = {isa = PBXFileReference; lastKnownFileType = sourcecode.swift; path = SceneDelegate.swift; sourceTree = "<group>"; };
		9D3E0C7A251F729000CF4F23 /* ViewController.swift */ = {isa = PBXFileReference; lastKnownFileType = sourcecode.swift; path = ViewController.swift; sourceTree = "<group>"; };
		9D3E0C7D251F729000CF4F23 /* Base */ = {isa = PBXFileReference; lastKnownFileType = file.storyboard; name = Base; path = Base.lproj/Main.storyboard; sourceTree = "<group>"; };
		9D3E0C7F251F729400CF4F23 /* Assets.xcassets */ = {isa = PBXFileReference; lastKnownFileType = folder.assetcatalog; path = Assets.xcassets; sourceTree = "<group>"; };
		9D3E0C82251F729400CF4F23 /* Base */ = {isa = PBXFileReference; lastKnownFileType = file.storyboard; name = Base; path = Base.lproj/LaunchScreen.storyboard; sourceTree = "<group>"; };
		9D3E0C84251F729400CF4F23 /* Info.plist */ = {isa = PBXFileReference; lastKnownFileType = text.plist.xml; path = Info.plist; sourceTree = "<group>"; };
		9D3E0C90251F736A00CF4F23 /* PlaylistItems.swift */ = {isa = PBXFileReference; lastKnownFileType = sourcecode.swift; path = PlaylistItems.swift; sourceTree = "<group>"; };
		9D3E0C94251F770B00CF4F23 /* Model.swift */ = {isa = PBXFileReference; lastKnownFileType = sourcecode.swift; path = Model.swift; sourceTree = "<group>"; };
		9DEF89AA6F4243AEB509867F /* Pods_YouTube_Clone.framework */ = {isa = PBXFileReference; explicitFileType = wrapper.framework; includeInIndex = 0; path = Pods_YouTube_Clone.framework; sourceTree = BUILT_PRODUCTS_DIR; };
/* End PBXFileReference section */

/* Begin PBXFrameworksBuildPhase section */
		9D3E0C70251F729000CF4F23 /* Frameworks */ = {
			isa = PBXFrameworksBuildPhase;
			buildActionMask = 2147483647;
			files = (
				E78CD5CF4161EA5AA860FAA4 /* Pods_YouTube_Clone.framework in Frameworks */,
			);
			runOnlyForDeploymentPostprocessing = 0;
		};
/* End PBXFrameworksBuildPhase section */

/* Begin PBXGroup section */
		1A930779813B13250EAC45C0 /* Frameworks */ = {
			isa = PBXGroup;
			children = (
				9DEF89AA6F4243AEB509867F /* Pods_YouTube_Clone.framework */,
			);
			name = Frameworks;
			sourceTree = "<group>";
		};
		731C162D8ADE6A63B4A17C89 /* Pods */ = {
			isa = PBXGroup;
			children = (
				1F074514F589DEDFDF85ED6D /* Pods-YouTube Clone.debug.xcconfig */,
				5F3CE3C0E8F8EB1C95A9832B /* Pods-YouTube Clone.release.xcconfig */,
			);
			name = Pods;
			path = Pods;
			sourceTree = "<group>";
		};
		9D3E0C6A251F728F00CF4F23 = {
			isa = PBXGroup;
			children = (
				9D3E0C75251F729000CF4F23 /* YouTube Clone */,
				9D3E0C74251F729000CF4F23 /* Products */,
				731C162D8ADE6A63B4A17C89 /* Pods */,
				1A930779813B13250EAC45C0 /* Frameworks */,
			);
			sourceTree = "<group>";
		};
		9D3E0C74251F729000CF4F23 /* Products */ = {
			isa = PBXGroup;
			children = (
				9D3E0C73251F729000CF4F23 /* YouTube Clone.app */,
			);
			name = Products;
			sourceTree = "<group>";
		};
		9D3E0C75251F729000CF4F23 /* YouTube Clone */ = {
			isa = PBXGroup;
			children = (
				9D3E0C8F251F734F00CF4F23 /* Others */,
				9D3E0C8E251F733F00CF4F23 /* Views */,
				9D3E0C8D251F732900CF4F23 /* Delegates */,
				9D3E0C8C251F732100CF4F23 /* Model */,
				9D3E0C8B251F731100CF4F23 /* View Controllers */,
			);
			path = "YouTube Clone";
			sourceTree = "<group>";
		};
		9D3E0C8B251F731100CF4F23 /* View Controllers */ = {
			isa = PBXGroup;
			children = (
				9D3E0C7A251F729000CF4F23 /* ViewController.swift */,
			);
			path = "View Controllers";
			sourceTree = "<group>";
		};
		9D3E0C8C251F732100CF4F23 /* Model */ = {
			isa = PBXGroup;
			children = (
				9D3E0C94251F770B00CF4F23 /* Model.swift */,
				9D3E0C90251F736A00CF4F23 /* PlaylistItems.swift */,
			);
			path = Model;
			sourceTree = "<group>";
		};
		9D3E0C8D251F732900CF4F23 /* Delegates */ = {
			isa = PBXGroup;
			children = (
				9D3E0C76251F729000CF4F23 /* AppDelegate.swift */,
				9D3E0C78251F729000CF4F23 /* SceneDelegate.swift */,
			);
			path = Delegates;
			sourceTree = "<group>";
		};
		9D3E0C8E251F733F00CF4F23 /* Views */ = {
			isa = PBXGroup;
			children = (
				9D3E0C81251F729400CF4F23 /* LaunchScreen.storyboard */,
				9D3E0C7C251F729000CF4F23 /* Main.storyboard */,
			);
			path = Views;
			sourceTree = "<group>";
		};
		9D3E0C8F251F734F00CF4F23 /* Others */ = {
			isa = PBXGroup;
			children = (
				9D3E0C7F251F729400CF4F23 /* Assets.xcassets */,
				9D3E0C84251F729400CF4F23 /* Info.plist */,
			);
			path = Others;
			sourceTree = "<group>";
		};
/* End PBXGroup section */

/* Begin PBXNativeTarget section */
		9D3E0C72251F729000CF4F23 /* YouTube Clone */ = {
			isa = PBXNativeTarget;
			buildConfigurationList = 9D3E0C87251F729400CF4F23 /* Build configuration list for PBXNativeTarget "YouTube Clone" */;
			buildPhases = (
				59943EEFCAB5C3697B967B8E /* [CP] Check Pods Manifest.lock */,
				9D3E0C6F251F729000CF4F23 /* Sources */,
				9D3E0C70251F729000CF4F23 /* Frameworks */,
				9D3E0C71251F729000CF4F23 /* Resources */,
				F0256041D6AA6B53FD1CBD29 /* [CP] Embed Pods Frameworks */,
			);
			buildRules = (
			);
			dependencies = (
			);
			name = "YouTube Clone";
			productName = "YouTube Clone";
			productReference = 9D3E0C73251F729000CF4F23 /* YouTube Clone.app */;
			productType = "com.apple.product-type.application";
		};
/* End PBXNativeTarget section */

/* Begin PBXProject section */
		9D3E0C6B251F728F00CF4F23 /* Project object */ = {
			isa = PBXProject;
			attributes = {
				LastSwiftUpdateCheck = 1200;
				LastUpgradeCheck = 1200;
				TargetAttributes = {
					9D3E0C72251F729000CF4F23 = {
						CreatedOnToolsVersion = 12.0.1;
					};
				};
			};
			buildConfigurationList = 9D3E0C6E251F728F00CF4F23 /* Build configuration list for PBXProject "YouTube Clone" */;
			compatibilityVersion = "Xcode 9.3";
			developmentRegion = en;
			hasScannedForEncodings = 0;
			knownRegions = (
				en,
				Base,
			);
			mainGroup = 9D3E0C6A251F728F00CF4F23;
			productRefGroup = 9D3E0C74251F729000CF4F23 /* Products */;
			projectDirPath = "";
			projectRoot = "";
			targets = (
				9D3E0C72251F729000CF4F23 /* YouTube Clone */,
			);
		};
/* End PBXProject section */

/* Begin PBXResourcesBuildPhase section */
		9D3E0C71251F729000CF4F23 /* Resources */ = {
			isa = PBXResourcesBuildPhase;
			buildActionMask = 2147483647;
			files = (
				9D3E0C83251F729400CF4F23 /* LaunchScreen.storyboard in Resources */,
				9D3E0C80251F729400CF4F23 /* Assets.xcassets in Resources */,
				9D3E0C7E251F729000CF4F23 /* Main.storyboard in Resources */,
			);
			runOnlyForDeploymentPostprocessing = 0;
		};
/* End PBXResourcesBuildPhase section */

/* Begin PBXShellScriptBuildPhase section */
		59943EEFCAB5C3697B967B8E /* [CP] Check Pods Manifest.lock */ = {
			isa = PBXShellScriptBuildPhase;
			buildActionMask = 2147483647;
			files = (
			);
			inputFileListPaths = (
			);
			inputPaths = (
				"${PODS_PODFILE_DIR_PATH}/Podfile.lock",
				"${PODS_ROOT}/Manifest.lock",
			);
			name = "[CP] Check Pods Manifest.lock";
			outputFileListPaths = (
			);
			outputPaths = (
				"$(DERIVED_FILE_DIR)/Pods-YouTube Clone-checkManifestLockResult.txt",
			);
			runOnlyForDeploymentPostprocessing = 0;
			shellPath = /bin/sh;
			shellScript = "diff \"${PODS_PODFILE_DIR_PATH}/Podfile.lock\" \"${PODS_ROOT}/Manifest.lock\" > /dev/null\nif [ $? != 0 ] ; then\n    # print error to STDERR\n    echo \"error: The sandbox is not in sync with the Podfile.lock. Run 'pod install' or update your CocoaPods installation.\" >&2\n    exit 1\nfi\n# This output is used by Xcode 'outputs' to avoid re-running this script phase.\necho \"SUCCESS\" > \"${SCRIPT_OUTPUT_FILE_0}\"\n";
			showEnvVarsInLog = 0;
		};
		F0256041D6AA6B53FD1CBD29 /* [CP] Embed Pods Frameworks */ = {
			isa = PBXShellScriptBuildPhase;
			buildActionMask = 2147483647;
			files = (
			);
			inputFileListPaths = (
				"${PODS_ROOT}/Target Support Files/Pods-YouTube Clone/Pods-YouTube Clone-frameworks-${CONFIGURATION}-input-files.xcfilelist",
			);
			name = "[CP] Embed Pods Frameworks";
			outputFileListPaths = (
				"${PODS_ROOT}/Target Support Files/Pods-YouTube Clone/Pods-YouTube Clone-frameworks-${CONFIGURATION}-output-files.xcfilelist",
			);
			runOnlyForDeploymentPostprocessing = 0;
			shellPath = /bin/sh;
			shellScript = "\"${PODS_ROOT}/Target Support Files/Pods-YouTube Clone/Pods-YouTube Clone-frameworks.sh\"\n";
			showEnvVarsInLog = 0;
		};
/* End PBXShellScriptBuildPhase section */

/* Begin PBXSourcesBuildPhase section */
		9D3E0C6F251F729000CF4F23 /* Sources */ = {
			isa = PBXSourcesBuildPhase;
			buildActionMask = 2147483647;
			files = (
				9D3E0C95251F770B00CF4F23 /* Model.swift in Sources */,
				9D3E0C7B251F729000CF4F23 /* ViewController.swift in Sources */,
				9D3E0C91251F736A00CF4F23 /* PlaylistItems.swift in Sources */,
				9D3E0C77251F729000CF4F23 /* AppDelegate.swift in Sources */,
				9D3E0C79251F729000CF4F23 /* SceneDelegate.swift in Sources */,
			);
			runOnlyForDeploymentPostprocessing = 0;
		};
/* End PBXSourcesBuildPhase section */

/* Begin PBXVariantGroup section */
		9D3E0C7C251F729000CF4F23 /* Main.storyboard */ = {
			isa = PBXVariantGroup;
			children = (
				9D3E0C7D251F729000CF4F23 /* Base */,
			);
			name = Main.storyboard;
			sourceTree = "<group>";
		};
		9D3E0C81251F729400CF4F23 /* LaunchScreen.storyboard */ = {
			isa = PBXVariantGroup;
			children = (
				9D3E0C82251F729400CF4F23 /* Base */,
			);
			name = LaunchScreen.storyboard;
			sourceTree = "<group>";
		};
/* End PBXVariantGroup section */

/* Begin XCBuildConfiguration section */
		9D3E0C85251F729400CF4F23 /* Debug */ = {
			isa = XCBuildConfiguration;
			buildSettings = {
				ALWAYS_SEARCH_USER_PATHS = NO;
				CLANG_ANALYZER_NONNULL = YES;
				CLANG_ANALYZER_NUMBER_OBJECT_CONVERSION = YES_AGGRESSIVE;
				CLANG_CXX_LANGUAGE_STANDARD = "gnu++14";
				CLANG_CXX_LIBRARY = "libc++";
				CLANG_ENABLE_MODULES = YES;
				CLANG_ENABLE_OBJC_ARC = YES;
				CLANG_ENABLE_OBJC_WEAK = YES;
				CLANG_WARN_BLOCK_CAPTURE_AUTORELEASING = YES;
				CLANG_WARN_BOOL_CONVERSION = YES;
				CLANG_WARN_COMMA = YES;
				CLANG_WARN_CONSTANT_CONVERSION = YES;
				CLANG_WARN_DEPRECATED_OBJC_IMPLEMENTATIONS = YES;
				CLANG_WARN_DIRECT_OBJC_ISA_USAGE = YES_ERROR;
				CLANG_WARN_DOCUMENTATION_COMMENTS = YES;
				CLANG_WARN_EMPTY_BODY = YES;
				CLANG_WARN_ENUM_CONVERSION = YES;
				CLANG_WARN_INFINITE_RECURSION = YES;
				CLANG_WARN_INT_CONVERSION = YES;
				CLANG_WARN_NON_LITERAL_NULL_CONVERSION = YES;
				CLANG_WARN_OBJC_IMPLICIT_RETAIN_SELF = YES;
				CLANG_WARN_OBJC_LITERAL_CONVERSION = YES;
				CLANG_WARN_OBJC_ROOT_CLASS = YES_ERROR;
				CLANG_WARN_QUOTED_INCLUDE_IN_FRAMEWORK_HEADER = YES;
				CLANG_WARN_RANGE_LOOP_ANALYSIS = YES;
				CLANG_WARN_STRICT_PROTOTYPES = YES;
				CLANG_WARN_SUSPICIOUS_MOVE = YES;
				CLANG_WARN_UNGUARDED_AVAILABILITY = YES_AGGRESSIVE;
				CLANG_WARN_UNREACHABLE_CODE = YES;
				CLANG_WARN__DUPLICATE_METHOD_MATCH = YES;
				COPY_PHASE_STRIP = NO;
				DEBUG_INFORMATION_FORMAT = dwarf;
				ENABLE_STRICT_OBJC_MSGSEND = YES;
				ENABLE_TESTABILITY = YES;
				GCC_C_LANGUAGE_STANDARD = gnu11;
				GCC_DYNAMIC_NO_PIC = NO;
				GCC_NO_COMMON_BLOCKS = YES;
				GCC_OPTIMIZATION_LEVEL = 0;
				GCC_PREPROCESSOR_DEFINITIONS = (
					"DEBUG=1",
					"$(inherited)",
				);
				GCC_WARN_64_TO_32_BIT_CONVERSION = YES;
				GCC_WARN_ABOUT_RETURN_TYPE = YES_ERROR;
				GCC_WARN_UNDECLARED_SELECTOR = YES;
				GCC_WARN_UNINITIALIZED_AUTOS = YES_AGGRESSIVE;
				GCC_WARN_UNUSED_FUNCTION = YES;
				GCC_WARN_UNUSED_VARIABLE = YES;
				IPHONEOS_DEPLOYMENT_TARGET = 12.0;
				MTL_ENABLE_DEBUG_INFO = INCLUDE_SOURCE;
				MTL_FAST_MATH = YES;
				ONLY_ACTIVE_ARCH = YES;
				SDKROOT = iphoneos;
				SWIFT_ACTIVE_COMPILATION_CONDITIONS = DEBUG;
				SWIFT_OPTIMIZATION_LEVEL = "-Onone";
			};
			name = Debug;
		};
		9D3E0C86251F729400CF4F23 /* Release */ = {
			isa = XCBuildConfiguration;
			buildSettings = {
				ALWAYS_SEARCH_USER_PATHS = NO;
				CLANG_ANALYZER_NONNULL = YES;
				CLANG_ANALYZER_NUMBER_OBJECT_CONVERSION = YES_AGGRESSIVE;
				CLANG_CXX_LANGUAGE_STANDARD = "gnu++14";
				CLANG_CXX_LIBRARY = "libc++";
				CLANG_ENABLE_MODULES = YES;
				CLANG_ENABLE_OBJC_ARC = YES;
				CLANG_ENABLE_OBJC_WEAK = YES;
				CLANG_WARN_BLOCK_CAPTURE_AUTORELEASING = YES;
				CLANG_WARN_BOOL_CONVERSION = YES;
				CLANG_WARN_COMMA = YES;
				CLANG_WARN_CONSTANT_CONVERSION = YES;
				CLANG_WARN_DEPRECATED_OBJC_IMPLEMENTATIONS = YES;
				CLANG_WARN_DIRECT_OBJC_ISA_USAGE = YES_ERROR;
				CLANG_WARN_DOCUMENTATION_COMMENTS = YES;
				CLANG_WARN_EMPTY_BODY = YES;
				CLANG_WARN_ENUM_CONVERSION = YES;
				CLANG_WARN_INFINITE_RECURSION = YES;
				CLANG_WARN_INT_CONVERSION = YES;
				CLANG_WARN_NON_LITERAL_NULL_CONVERSION = YES;
				CLANG_WARN_OBJC_IMPLICIT_RETAIN_SELF = YES;
				CLANG_WARN_OBJC_LITERAL_CONVERSION = YES;
				CLANG_WARN_OBJC_ROOT_CLASS = YES_ERROR;
				CLANG_WARN_QUOTED_INCLUDE_IN_FRAMEWORK_HEADER = YES;
				CLANG_WARN_RANGE_LOOP_ANALYSIS = YES;
				CLANG_WARN_STRICT_PROTOTYPES = YES;
				CLANG_WARN_SUSPICIOUS_MOVE = YES;
				CLANG_WARN_UNGUARDED_AVAILABILITY = YES_AGGRESSIVE;
				CLANG_WARN_UNREACHABLE_CODE = YES;
				CLANG_WARN__DUPLICATE_METHOD_MATCH = YES;
				COPY_PHASE_STRIP = NO;
				DEBUG_INFORMATION_FORMAT = "dwarf-with-dsym";
				ENABLE_NS_ASSERTIONS = NO;
				ENABLE_STRICT_OBJC_MSGSEND = YES;
				GCC_C_LANGUAGE_STANDARD = gnu11;
				GCC_NO_COMMON_BLOCKS = YES;
				GCC_WARN_64_TO_32_BIT_CONVERSION = YES;
				GCC_WARN_ABOUT_RETURN_TYPE = YES_ERROR;
				GCC_WARN_UNDECLARED_SELECTOR = YES;
				GCC_WARN_UNINITIALIZED_AUTOS = YES_AGGRESSIVE;
				GCC_WARN_UNUSED_FUNCTION = YES;
				GCC_WARN_UNUSED_VARIABLE = YES;
				IPHONEOS_DEPLOYMENT_TARGET = 12.0;
				MTL_ENABLE_DEBUG_INFO = NO;
				MTL_FAST_MATH = YES;
				SDKROOT = iphoneos;
				SWIFT_COMPILATION_MODE = wholemodule;
				SWIFT_OPTIMIZATION_LEVEL = "-O";
				VALIDATE_PRODUCT = YES;
			};
			name = Release;
		};
		9D3E0C88251F729400CF4F23 /* Debug */ = {
			isa = XCBuildConfiguration;
			baseConfigurationReference = 1F074514F589DEDFDF85ED6D /* Pods-YouTube Clone.debug.xcconfig */;
			buildSettings = {
				ASSETCATALOG_COMPILER_APPICON_NAME = AppIcon;
				ASSETCATALOG_COMPILER_GLOBAL_ACCENT_COLOR_NAME = AccentColor;
				CODE_SIGN_STYLE = Automatic;
				DEVELOPMENT_TEAM = 2R2M3KJN7D;
				INFOPLIST_FILE = "$(SRCROOT)/YouTube Clone/Others/Info.plist";
				LD_RUNPATH_SEARCH_PATHS = (
					"$(inherited)",
					"@executable_path/Frameworks",
				);
				PRODUCT_BUNDLE_IDENTIFIER = "mnowak061.YouTube-Clone";
				PRODUCT_NAME = "$(TARGET_NAME)";
				SWIFT_VERSION = 5.0;
				TARGETED_DEVICE_FAMILY = "1,2";
			};
			name = Debug;
		};
		9D3E0C89251F729400CF4F23 /* Release */ = {
			isa = XCBuildConfiguration;
			baseConfigurationReference = 5F3CE3C0E8F8EB1C95A9832B /* Pods-YouTube Clone.release.xcconfig */;
			buildSettings = {
				ASSETCATALOG_COMPILER_APPICON_NAME = AppIcon;
				ASSETCATALOG_COMPILER_GLOBAL_ACCENT_COLOR_NAME = AccentColor;
				CODE_SIGN_STYLE = Automatic;
				DEVELOPMENT_TEAM = 2R2M3KJN7D;
				INFOPLIST_FILE = "$(SRCROOT)/YouTube Clone/Others/Info.plist";
				LD_RUNPATH_SEARCH_PATHS = (
					"$(inherited)",
					"@executable_path/Frameworks",
				);
				PRODUCT_BUNDLE_IDENTIFIER = "mnowak061.YouTube-Clone";
				PRODUCT_NAME = "$(TARGET_NAME)";
				SWIFT_VERSION = 5.0;
				TARGETED_DEVICE_FAMILY = "1,2";
			};
			name = Release;
		};
/* End XCBuildConfiguration section */

/* Begin XCConfigurationList section */
		9D3E0C6E251F728F00CF4F23 /* Build configuration list for PBXProject "YouTube Clone" */ = {
			isa = XCConfigurationList;
			buildConfigurations = (
				9D3E0C85251F729400CF4F23 /* Debug */,
				9D3E0C86251F729400CF4F23 /* Release */,
			);
			defaultConfigurationIsVisible = 0;
			defaultConfigurationName = Release;
		};
		9D3E0C87251F729400CF4F23 /* Build configuration list for PBXNativeTarget "YouTube Clone" */ = {
			isa = XCConfigurationList;
			buildConfigurations = (
				9D3E0C88251F729400CF4F23 /* Debug */,
				9D3E0C89251F729400CF4F23 /* Release */,
			);
			defaultConfigurationIsVisible = 0;
			defaultConfigurationName = Release;
		};
/* End XCConfigurationList section */
	};
	rootObject = 9D3E0C6B251F728F00CF4F23 /* Project object */;
}
